// !$*UTF8*$!
{
	archiveVersion = 1;
	classes = {
	};
	objectVersion = 46;
	objects = {

/* Begin PBXBuildFile section */
		991BC2FE1BFAFCE90062E38F /* AppDelegate.swift in Sources */ = {isa = PBXBuildFile; fileRef = 991BC2FD1BFAFCE90062E38F /* AppDelegate.swift */; };
		991BC3001BFAFCE90062E38F /* ViewController.swift in Sources */ = {isa = PBXBuildFile; fileRef = 991BC2FF1BFAFCE90062E38F /* ViewController.swift */; };
		991BC3031BFAFCEA0062E38F /* Main.storyboard in Resources */ = {isa = PBXBuildFile; fileRef = 991BC3011BFAFCEA0062E38F /* Main.storyboard */; };
		991BC3051BFAFCEA0062E38F /* Assets.xcassets in Resources */ = {isa = PBXBuildFile; fileRef = 991BC3041BFAFCEA0062E38F /* Assets.xcassets */; };
		991BC3081BFAFCEA0062E38F /* LaunchScreen.storyboard in Resources */ = {isa = PBXBuildFile; fileRef = 991BC3061BFAFCEA0062E38F /* LaunchScreen.storyboard */; };
		991BC3131BFAFCEB0062E38F /* FlickrSearchTests.swift in Sources */ = {isa = PBXBuildFile; fileRef = 991BC3121BFAFCEB0062E38F /* FlickrSearchTests.swift */; };
		991BC31E1BFAFCEB0062E38F /* FlickrSearchUITests.swift in Sources */ = {isa = PBXBuildFile; fileRef = 991BC31D1BFAFCEB0062E38F /* FlickrSearchUITests.swift */; };
		991BC32C1BFB03AA0062E38F /* FlickrHelper.swift in Sources */ = {isa = PBXBuildFile; fileRef = 991BC32B1BFB03AA0062E38F /* FlickrHelper.swift */; settings = {ASSET_TAGS = (); }; };
		991BC32E1BFB056B0062E38F /* FlickrPhoto.swift in Sources */ = {isa = PBXBuildFile; fileRef = 991BC32D1BFB056B0062E38F /* FlickrPhoto.swift */; settings = {ASSET_TAGS = (); }; };
/* End PBXBuildFile section */

/* Begin PBXContainerItemProxy section */
		991BC30F1BFAFCEB0062E38F /* PBXContainerItemProxy */ = {
			isa = PBXContainerItemProxy;
			containerPortal = 991BC2F21BFAFCE40062E38F /* Project object */;
			proxyType = 1;
			remoteGlobalIDString = 991BC2F91BFAFCE50062E38F;
			remoteInfo = FlickrSearch;
		};
		991BC31A1BFAFCEB0062E38F /* PBXContainerItemProxy */ = {
			isa = PBXContainerItemProxy;
			containerPortal = 991BC2F21BFAFCE40062E38F /* Project object */;
			proxyType = 1;
			remoteGlobalIDString = 991BC2F91BFAFCE50062E38F;
			remoteInfo = FlickrSearch;
		};
/* End PBXContainerItemProxy section */

/* Begin PBXFileReference section */
		991BC2FA1BFAFCE60062E38F /* FlickrSearch.app */ = {isa = PBXFileReference; explicitFileType = wrapper.application; includeInIndex = 0; path = FlickrSearch.app; sourceTree = BUILT_PRODUCTS_DIR; };
		991BC2FD1BFAFCE90062E38F /* AppDelegate.swift */ = {isa = PBXFileReference; lastKnownFileType = sourcecode.swift; path = AppDelegate.swift; sourceTree = "<group>"; };
		991BC2FF1BFAFCE90062E38F /* ViewController.swift */ = {isa = PBXFileReference; lastKnownFileType = sourcecode.swift; path = ViewController.swift; sourceTree = "<group>"; };
		991BC3021BFAFCEA0062E38F /* Base */ = {isa = PBXFileReference; lastKnownFileType = file.storyboard; name = Base; path = Base.lproj/Main.storyboard; sourceTree = "<group>"; };
		991BC3041BFAFCEA0062E38F /* Assets.xcassets */ = {isa = PBXFileReference; lastKnownFileType = folder.assetcatalog; path = Assets.xcassets; sourceTree = "<group>"; };
		991BC3071BFAFCEA0062E38F /* Base */ = {isa = PBXFileReference; lastKnownFileType = file.storyboard; name = Base; path = Base.lproj/LaunchScreen.storyboard; sourceTree = "<group>"; };
		991BC3091BFAFCEA0062E38F /* Info.plist */ = {isa = PBXFileReference; lastKnownFileType = text.plist.xml; path = Info.plist; sourceTree = "<group>"; };
		991BC30E1BFAFCEB0062E38F /* FlickrSearchTests.xctest */ = {isa = PBXFileReference; explicitFileType = wrapper.cfbundle; includeInIndex = 0; path = FlickrSearchTests.xctest; sourceTree = BUILT_PRODUCTS_DIR; };
		991BC3121BFAFCEB0062E38F /* FlickrSearchTests.swift */ = {isa = PBXFileReference; lastKnownFileType = sourcecode.swift; path = FlickrSearchTests.swift; sourceTree = "<group>"; };
		991BC3141BFAFCEB0062E38F /* Info.plist */ = {isa = PBXFileReference; lastKnownFileType = text.plist.xml; path = Info.plist; sourceTree = "<group>"; };
		991BC3191BFAFCEB0062E38F /* FlickrSearchUITests.xctest */ = {isa = PBXFileReference; explicitFileType = wrapper.cfbundle; includeInIndex = 0; path = FlickrSearchUITests.xctest; sourceTree = BUILT_PRODUCTS_DIR; };
		991BC31D1BFAFCEB0062E38F /* FlickrSearchUITests.swift */ = {isa = PBXFileReference; lastKnownFileType = sourcecode.swift; path = FlickrSearchUITests.swift; sourceTree = "<group>"; };
		991BC31F1BFAFCEB0062E38F /* Info.plist */ = {isa = PBXFileReference; lastKnownFileType = text.plist.xml; path = Info.plist; sourceTree = "<group>"; };
		991BC32B1BFB03AA0062E38F /* FlickrHelper.swift */ = {isa = PBXFileReference; fileEncoding = 4; lastKnownFileType = sourcecode.swift; path = FlickrHelper.swift; sourceTree = "<group>"; };
		991BC32D1BFB056B0062E38F /* FlickrPhoto.swift */ = {isa = PBXFileReference; fileEncoding = 4; lastKnownFileType = sourcecode.swift; path = FlickrPhoto.swift; sourceTree = "<group>"; };
/* End PBXFileReference section */

/* Begin PBXFrameworksBuildPhase section */
		991BC2F71BFAFCE50062E38F /* Frameworks */ = {
			isa = PBXFrameworksBuildPhase;
			buildActionMask = 2147483647;
			files = (
			);
			runOnlyForDeploymentPostprocessing = 0;
		};
		991BC30B1BFAFCEB0062E38F /* Frameworks */ = {
			isa = PBXFrameworksBuildPhase;
			buildActionMask = 2147483647;
			files = (
			);
			runOnlyForDeploymentPostprocessing = 0;
		};
		991BC3161BFAFCEB0062E38F /* Frameworks */ = {
			isa = PBXFrameworksBuildPhase;
			buildActionMask = 2147483647;
			files = (
			);
			runOnlyForDeploymentPostprocessing = 0;
		};
/* End PBXFrameworksBuildPhase section */

/* Begin PBXGroup section */
		991BC2F11BFAFCE40062E38F = {
			isa = PBXGroup;
			children = (
				991BC2FC1BFAFCE90062E38F /* FlickrSearch */,
				991BC3111BFAFCEB0062E38F /* FlickrSearchTests */,
				991BC31C1BFAFCEB0062E38F /* FlickrSearchUITests */,
				991BC2FB1BFAFCE60062E38F /* Products */,
			);
			sourceTree = "<group>";
		};
		991BC2FB1BFAFCE60062E38F /* Products */ = {
			isa = PBXGroup;
			children = (
				991BC2FA1BFAFCE60062E38F /* FlickrSearch.app */,
				991BC30E1BFAFCEB0062E38F /* FlickrSearchTests.xctest */,
				991BC3191BFAFCEB0062E38F /* FlickrSearchUITests.xctest */,
			);
			name = Products;
			sourceTree = "<group>";
		};
		991BC2FC1BFAFCE90062E38F /* FlickrSearch */ = {
			isa = PBXGroup;
			children = (
				991BC2FD1BFAFCE90062E38F /* AppDelegate.swift */,
				991BC2FF1BFAFCE90062E38F /* ViewController.swift */,
				991BC32B1BFB03AA0062E38F /* FlickrHelper.swift */,
				991BC32D1BFB056B0062E38F /* FlickrPhoto.swift */,
				991BC3011BFAFCEA0062E38F /* Main.storyboard */,
				991BC3041BFAFCEA0062E38F /* Assets.xcassets */,
				991BC3061BFAFCEA0062E38F /* LaunchScreen.storyboard */,
				991BC3091BFAFCEA0062E38F /* Info.plist */,
			);
			path = FlickrSearch;
			sourceTree = "<group>";
		};
		991BC3111BFAFCEB0062E38F /* FlickrSearchTests */ = {
			isa = PBXGroup;
			children = (
				991BC3121BFAFCEB0062E38F /* FlickrSearchTests.swift */,
				991BC3141BFAFCEB0062E38F /* Info.plist */,
			);
			path = FlickrSearchTests;
			sourceTree = "<group>";
		};
		991BC31C1BFAFCEB0062E38F /* FlickrSearchUITests */ = {
			isa = PBXGroup;
			children = (
				991BC31D1BFAFCEB0062E38F /* FlickrSearchUITests.swift */,
				991BC31F1BFAFCEB0062E38F /* Info.plist */,
			);
			path = FlickrSearchUITests;
			sourceTree = "<group>";
		};
/* End PBXGroup section */

/* Begin PBXNativeTarget section */
		991BC2F91BFAFCE50062E38F /* FlickrSearch */ = {
			isa = PBXNativeTarget;
			buildConfigurationList = 991BC3221BFAFCEB0062E38F /* Build configuration list for PBXNativeTarget "FlickrSearch" */;
			buildPhases = (
				991BC2F61BFAFCE50062E38F /* Sources */,
				991BC2F71BFAFCE50062E38F /* Frameworks */,
				991BC2F81BFAFCE50062E38F /* Resources */,
			);
			buildRules = (
			);
			dependencies = (
			);
			name = FlickrSearch;
			productName = FlickrSearch;
			productReference = 991BC2FA1BFAFCE60062E38F /* FlickrSearch.app */;
			productType = "com.apple.product-type.application";
		};
		991BC30D1BFAFCEB0062E38F /* FlickrSearchTests */ = {
			isa = PBXNativeTarget;
			buildConfigurationList = 991BC3251BFAFCEB0062E38F /* Build configuration list for PBXNativeTarget "FlickrSearchTests" */;
			buildPhases = (
				991BC30A1BFAFCEB0062E38F /* Sources */,
				991BC30B1BFAFCEB0062E38F /* Frameworks */,
				991BC30C1BFAFCEB0062E38F /* Resources */,
			);
			buildRules = (
			);
			dependencies = (
				991BC3101BFAFCEB0062E38F /* PBXTargetDependency */,
			);
			name = FlickrSearchTests;
			productName = FlickrSearchTests;
			productReference = 991BC30E1BFAFCEB0062E38F /* FlickrSearchTests.xctest */;
			productType = "com.apple.product-type.bundle.unit-test";
		};
		991BC3181BFAFCEB0062E38F /* FlickrSearchUITests */ = {
			isa = PBXNativeTarget;
			buildConfigurationList = 991BC3281BFAFCEB0062E38F /* Build configuration list for PBXNativeTarget "FlickrSearchUITests" */;
			buildPhases = (
				991BC3151BFAFCEB0062E38F /* Sources */,
				991BC3161BFAFCEB0062E38F /* Frameworks */,
				991BC3171BFAFCEB0062E38F /* Resources */,
			);
			buildRules = (
			);
			dependencies = (
				991BC31B1BFAFCEB0062E38F /* PBXTargetDependency */,
			);
			name = FlickrSearchUITests;
			productName = FlickrSearchUITests;
			productReference = 991BC3191BFAFCEB0062E38F /* FlickrSearchUITests.xctest */;
			productType = "com.apple.product-type.bundle.ui-testing";
		};
/* End PBXNativeTarget section */

/* Begin PBXProject section */
		991BC2F21BFAFCE40062E38F /* Project object */ = {
			isa = PBXProject;
			attributes = {
				LastUpgradeCheck = 0700;
				ORGANIZATIONNAME = Mavericks;
				TargetAttributes = {
					991BC2F91BFAFCE50062E38F = {
						CreatedOnToolsVersion = 7.0;
					};
					991BC30D1BFAFCEB0062E38F = {
						CreatedOnToolsVersion = 7.0;
						TestTargetID = 991BC2F91BFAFCE50062E38F;
					};
					991BC3181BFAFCEB0062E38F = {
						CreatedOnToolsVersion = 7.0;
						TestTargetID = 991BC2F91BFAFCE50062E38F;
					};
				};
			};
			buildConfigurationList = 991BC2F51BFAFCE40062E38F /* Build configuration list for PBXProject "FlickrSearch" */;
			compatibilityVersion = "Xcode 3.2";
			developmentRegion = English;
			hasScannedForEncodings = 0;
			knownRegions = (
				en,
				Base,
			);
			mainGroup = 991BC2F11BFAFCE40062E38F;
			productRefGroup = 991BC2FB1BFAFCE60062E38F /* Products */;
			projectDirPath = "";
			projectRoot = "";
			targets = (
				991BC2F91BFAFCE50062E38F /* FlickrSearch */,
				991BC30D1BFAFCEB0062E38F /* FlickrSearchTests */,
				991BC3181BFAFCEB0062E38F /* FlickrSearchUITests */,
			);
		};
/* End PBXProject section */

/* Begin PBXResourcesBuildPhase section */
		991BC2F81BFAFCE50062E38F /* Resources */ = {
			isa = PBXResourcesBuildPhase;
			buildActionMask = 2147483647;
			files = (
				991BC3081BFAFCEA0062E38F /* LaunchScreen.storyboard in Resources */,
				991BC3051BFAFCEA0062E38F /* Assets.xcassets in Resources */,
				991BC3031BFAFCEA0062E38F /* Main.storyboard in Resources */,
			);
			runOnlyForDeploymentPostprocessing = 0;
		};
		991BC30C1BFAFCEB0062E38F /* Resources */ = {
			isa = PBXResourcesBuildPhase;
			buildActionMask = 2147483647;
			files = (
			);
			runOnlyForDeploymentPostprocessing = 0;
		};
		991BC3171BFAFCEB0062E38F /* Resources */ = {
			isa = PBXResourcesBuildPhase;
			buildActionMask = 2147483647;
			files = (
			);
			runOnlyForDeploymentPostprocessing = 0;
		};
/* End PBXResourcesBuildPhase section */

/* Begin PBXSourcesBuildPhase section */
		991BC2F61BFAFCE50062E38F /* Sources */ = {
			isa = PBXSourcesBuildPhase;
			buildActionMask = 2147483647;
			files = (
				991BC32C1BFB03AA0062E38F /* FlickrHelper.swift in Sources */,
				991BC32E1BFB056B0062E38F /* FlickrPhoto.swift in Sources */,
				991BC3001BFAFCE90062E38F /* ViewController.swift in Sources */,
				991BC2FE1BFAFCE90062E38F /* AppDelegate.swift in Sources */,
			);
			runOnlyForDeploymentPostprocessing = 0;
		};
		991BC30A1BFAFCEB0062E38F /* Sources */ = {
			isa = PBXSourcesBuildPhase;
			buildActionMask = 2147483647;
			files = (
				991BC3131BFAFCEB0062E38F /* FlickrSearchTests.swift in Sources */,
			);
			runOnlyForDeploymentPostprocessing = 0;
		};
		991BC3151BFAFCEB0062E38F /* Sources */ = {
			isa = PBXSourcesBuildPhase;
			buildActionMask = 2147483647;
			files = (
				991BC31E1BFAFCEB0062E38F /* FlickrSearchUITests.swift in Sources */,
			);
			runOnlyForDeploymentPostprocessing = 0;
		};
/* End PBXSourcesBuildPhase section */

/* Begin PBXTargetDependency section */
		991BC3101BFAFCEB0062E38F /* PBXTargetDependency */ = {
			isa = PBXTargetDependency;
			target = 991BC2F91BFAFCE50062E38F /* FlickrSearch */;
			targetProxy = 991BC30F1BFAFCEB0062E38F /* PBXContainerItemProxy */;
		};
		991BC31B1BFAFCEB0062E38F /* PBXTargetDependency */ = {
			isa = PBXTargetDependency;
			target = 991BC2F91BFAFCE50062E38F /* FlickrSearch */;
			targetProxy = 991BC31A1BFAFCEB0062E38F /* PBXContainerItemProxy */;
		};
/* End PBXTargetDependency section */

/* Begin PBXVariantGroup section */
		991BC3011BFAFCEA0062E38F /* Main.storyboard */ = {
			isa = PBXVariantGroup;
			children = (
				991BC3021BFAFCEA0062E38F /* Base */,
			);
			name = Main.storyboard;
			sourceTree = "<group>";
		};
		991BC3061BFAFCEA0062E38F /* LaunchScreen.storyboard */ = {
			isa = PBXVariantGroup;
			children = (
				991BC3071BFAFCEA0062E38F /* Base */,
			);
			name = LaunchScreen.storyboard;
			sourceTree = "<group>";
		};
/* End PBXVariantGroup section */

/* Begin XCBuildConfiguration section */
		991BC3201BFAFCEB0062E38F /* Debug */ = {
			isa = XCBuildConfiguration;
			buildSettings = {
				ALWAYS_SEARCH_USER_PATHS = NO;
				CLANG_CXX_LANGUAGE_STANDARD = "gnu++0x";
				CLANG_CXX_LIBRARY = "libc++";
				CLANG_ENABLE_MODULES = YES;
				CLANG_ENABLE_OBJC_ARC = YES;
				CLANG_WARN_BOOL_CONVERSION = YES;
				CLANG_WARN_CONSTANT_CONVERSION = YES;
				CLANG_WARN_DIRECT_OBJC_ISA_USAGE = YES_ERROR;
				CLANG_WARN_EMPTY_BODY = YES;
				CLANG_WARN_ENUM_CONVERSION = YES;
				CLANG_WARN_INT_CONVERSION = YES;
				CLANG_WARN_OBJC_ROOT_CLASS = YES_ERROR;
				CLANG_WARN_UNREACHABLE_CODE = YES;
				CLANG_WARN__DUPLICATE_METHOD_MATCH = YES;
				"CODE_SIGN_IDENTITY[sdk=iphoneos*]" = "iPhone Developer";
				COPY_PHASE_STRIP = NO;
				DEBUG_INFORMATION_FORMAT = dwarf;
				ENABLE_STRICT_OBJC_MSGSEND = YES;
				ENABLE_TESTABILITY = YES;
				GCC_C_LANGUAGE_STANDARD = gnu99;
				GCC_DYNAMIC_NO_PIC = NO;
				GCC_NO_COMMON_BLOCKS = YES;
				GCC_OPTIMIZATION_LEVEL = 0;
				GCC_PREPROCESSOR_DEFINITIONS = (
					"DEBUG=1",
					"$(inherited)",
				);
				GCC_WARN_64_TO_32_BIT_CONVERSION = YES;
				GCC_WARN_ABOUT_RETURN_TYPE = YES_ERROR;
				GCC_WARN_UNDECLARED_SELECTOR = YES;
				GCC_WARN_UNINITIALIZED_AUTOS = YES_AGGRESSIVE;
				GCC_WARN_UNUSED_FUNCTION = YES;
				GCC_WARN_UNUSED_VARIABLE = YES;
				IPHONEOS_DEPLOYMENT_TARGET = 9.0;
				MTL_ENABLE_DEBUG_INFO = YES;
				ONLY_ACTIVE_ARCH = YES;
				SDKROOT = iphoneos;
				SWIFT_OPTIMIZATION_LEVEL = "-Onone";
				TARGETED_DEVICE_FAMILY = "1,2";
			};
			name = Debug;
		};
		991BC3211BFAFCEB0062E38F /* Release */ = {
			isa = XCBuildConfiguration;
			buildSettings = {
				ALWAYS_SEARCH_USER_PATHS = NO;
				CLANG_CXX_LANGUAGE_STANDARD = "gnu++0x";
				CLANG_CXX_LIBRARY = "libc++";
				CLANG_ENABLE_MODULES = YES;
				CLANG_ENABLE_OBJC_ARC = YES;
				CLANG_WARN_BOOL_CONVERSION = YES;
				CLANG_WARN_CONSTANT_CONVERSION = YES;
				CLANG_WARN_DIRECT_OBJC_ISA_USAGE = YES_ERROR;
				CLANG_WARN_EMPTY_BODY = YES;
				CLANG_WARN_ENUM_CONVERSION = YES;
				CLANG_WARN_INT_CONVERSION = YES;
				CLANG_WARN_OBJC_ROOT_CLASS = YES_ERROR;
				CLANG_WARN_UNREACHABLE_CODE = YES;
				CLANG_WARN__DUPLICATE_METHOD_MATCH = YES;
				"CODE_SIGN_IDENTITY[sdk=iphoneos*]" = "iPhone Developer";
				COPY_PHASE_STRIP = NO;
				DEBUG_INFORMATION_FORMAT = "dwarf-with-dsym";
				ENABLE_NS_ASSERTIONS = NO;
				ENABLE_STRICT_OBJC_MSGSEND = YES;
				GCC_C_LANGUAGE_STANDARD = gnu99;
				GCC_NO_COMMON_BLOCKS = YES;
				GCC_WARN_64_TO_32_BIT_CONVERSION = YES;
				GCC_WARN_ABOUT_RETURN_TYPE = YES_ERROR;
				GCC_WARN_UNDECLARED_SELECTOR = YES;
				GCC_WARN_UNINITIALIZED_AUTOS = YES_AGGRESSIVE;
				GCC_WARN_UNUSED_FUNCTION = YES;
				GCC_WARN_UNUSED_VARIABLE = YES;
				IPHONEOS_DEPLOYMENT_TARGET = 9.0;
				MTL_ENABLE_DEBUG_INFO = NO;
				SDKROOT = iphoneos;
				TARGETED_DEVICE_FAMILY = "1,2";
				VALIDATE_PRODUCT = YES;
			};
			name = Release;
		};
		991BC3231BFAFCEB0062E38F /* Debug */ = {
			isa = XCBuildConfiguration;
			buildSettings = {
				ASSETCATALOG_COMPILER_APPICON_NAME = AppIcon;
				INFOPLIST_FILE = FlickrSearch/Info.plist;
				LD_RUNPATH_SEARCH_PATHS = "$(inherited) @executable_path/Frameworks";
				PRODUCT_BUNDLE_IDENTIFIER = com.focus.FlickrSearch;
				PRODUCT_NAME = "$(TARGET_NAME)";
			};
			name = Debug;
		};
		991BC3241BFAFCEB0062E38F /* Release */ = {
			isa = XCBuildConfiguration;
			buildSettings = {
				ASSETCATALOG_COMPILER_APPICON_NAME = AppIcon;
				INFOPLIST_FILE = FlickrSearch/Info.plist;
				LD_RUNPATH_SEARCH_PATHS = "$(inherited) @executable_path/Frameworks";
				PRODUCT_BUNDLE_IDENTIFIER = com.focus.FlickrSearch;
				PRODUCT_NAME = "$(TARGET_NAME)";
			};
			name = Release;
		};
		991BC3261BFAFCEB0062E38F /* Debug */ = {
			isa = XCBuildConfiguration;
			buildSettings = {
				BUNDLE_LOADER = "$(TEST_HOST)";
				INFOPLIST_FILE = FlickrSearchTests/Info.plist;
				LD_RUNPATH_SEARCH_PATHS = "$(inherited) @executable_path/Frameworks @loader_path/Frameworks";
				PRODUCT_BUNDLE_IDENTIFIER = com.focus.FlickrSearchTests;
				PRODUCT_NAME = "$(TARGET_NAME)";
				TEST_HOST = "$(BUILT_PRODUCTS_DIR)/FlickrSearch.app/FlickrSearch";
			};
			name = Debug;
		};
		991BC3271BFAFCEB0062E38F /* Release */ = {
			isa = XCBuildConfiguration;
			buildSettings = {
				BUNDLE_LOADER = "$(TEST_HOST)";
				INFOPLIST_FILE = FlickrSearchTests/Info.plist;
				LD_RUNPATH_SEARCH_PATHS = "$(inherited) @executable_path/Frameworks @loader_path/Frameworks";
				PRODUCT_BUNDLE_IDENTIFIER = com.focus.FlickrSearchTests;
				PRODUCT_NAME = "$(TARGET_NAME)";
				TEST_HOST = "$(BUILT_PRODUCTS_DIR)/FlickrSearch.app/FlickrSearch";
			};
			name = Release;
		};
		991BC3291BFAFCEB0062E38F /* Debug */ = {
			isa = XCBuildConfiguration;
			buildSettings = {
				INFOPLIST_FILE = FlickrSearchUITests/Info.plist;
				LD_RUNPATH_SEARCH_PATHS = "$(inherited) @executable_path/Frameworks @loader_path/Frameworks";
				PRODUCT_BUNDLE_IDENTIFIER = com.focus.FlickrSearchUITests;
				PRODUCT_NAME = "$(TARGET_NAME)";
				TEST_TARGET_NAME = FlickrSearch;
				USES_XCTRUNNER = YES;
			};
			name = Debug;
		};
		991BC32A1BFAFCEB0062E38F /* Release */ = {
			isa = XCBuildConfiguration;
			buildSettings = {
				INFOPLIST_FILE = FlickrSearchUITests/Info.plist;
				LD_RUNPATH_SEARCH_PATHS = "$(inherited) @executable_path/Frameworks @loader_path/Frameworks";
				PRODUCT_BUNDLE_IDENTIFIER = com.focus.FlickrSearchUITests;
				PRODUCT_NAME = "$(TARGET_NAME)";
				TEST_TARGET_NAME = FlickrSearch;
				USES_XCTRUNNER = YES;
			};
			name = Release;
		};
/* End XCBuildConfiguration section */

/* Begin XCConfigurationList section */
		991BC2F51BFAFCE40062E38F /* Build configuration list for PBXProject "FlickrSearch" */ = {
			isa = XCConfigurationList;
			buildConfigurations = (
				991BC3201BFAFCEB0062E38F /* Debug */,
				991BC3211BFAFCEB0062E38F /* Release */,
			);
			defaultConfigurationIsVisible = 0;
			defaultConfigurationName = Release;
		};
		991BC3221BFAFCEB0062E38F /* Build configuration list for PBXNativeTarget "FlickrSearch" */ = {
			isa = XCConfigurationList;
			buildConfigurations = (
				991BC3231BFAFCEB0062E38F /* Debug */,
				991BC3241BFAFCEB0062E38F /* Release */,
			);
			defaultConfigurationIsVisible = 0;
		};
		991BC3251BFAFCEB0062E38F /* Build configuration list for PBXNativeTarget "FlickrSearchTests" */ = {
			isa = XCConfigurationList;
			buildConfigurations = (
				991BC3261BFAFCEB0062E38F /* Debug */,
				991BC3271BFAFCEB0062E38F /* Release */,
			);
			defaultConfigurationIsVisible = 0;
		};
		991BC3281BFAFCEB0062E38F /* Build configuration list for PBXNativeTarget "FlickrSearchUITests" */ = {
			isa = XCConfigurationList;
			buildConfigurations = (
				991BC3291BFAFCEB0062E38F /* Debug */,
				991BC32A1BFAFCEB0062E38F /* Release */,
			);
			defaultConfigurationIsVisible = 0;
		};
/* End XCConfigurationList section */
	};
	rootObject = 991BC2F21BFAFCE40062E38F /* Project object */;
}
